
Microsoft Visual Studio Solution File, Format Version 12.00
# Visual Studio Version 17
VisualStudioVersion = 17.1.32414.318
MinimumVisualStudioVersion = 10.0.40219.1
Project("{FAE04EC0-301F-11D3-BF4B-00C04F79EFBC}") = "ADA-exercicios-lista1-parte2", "ADA-exercicios-lista1-parte2.csproj", "{202F90A1-C874-4CE0-BBC4-53305C880708}"
EndProject
Global
	GlobalSection(SolutionConfigurationPlatforms) = preSolution
		Debug|Any CPU = Debug|Any CPU
		Release|Any CPU = Release|Any CPU
	EndGlobalSection
	GlobalSection(ProjectConfigurationPlatforms) = postSolution
		{202F90A1-C874-4CE0-BBC4-53305C880708}.Debug|Any CPU.ActiveCfg = Debug|Any CPU
		{202F90A1-C874-4CE0-BBC4-53305C880708}.Debug|Any CPU.Build.0 = Debug|Any CPU
		{202F90A1-C874-4CE0-BBC4-53305C880708}.Release|Any CPU.ActiveCfg = Release|Any CPU
		{202F90A1-C874-4CE0-BBC4-53305C880708}.Release|Any CPU.Build.0 = Release|Any CPU
	EndGlobalSection
	GlobalSection(SolutionProperties) = preSolution
		HideSolutionNode = FALSE
	EndGlobalSection
	GlobalSection(ExtensibilityGlobals) = postSolution
		SolutionGuid = {6BABDDDC-1C4C-4472-98AE-289C182A69DA}
	EndGlobalSection
EndGlobal
